{
  "name": "bestmodule",
  "version": "1.0.0",
  "lockfileVersion": 2,
  "requires": true,
  "packages": {
    "": {
      "name": "bestmodule",
      "version": "1.0.0",
      "license": "ISC",
      "dependencies": {
        "ultra-mega-top-imba-module": "^1.0.0"
      },
      "devDependencies": {}
    },
    "node_modules/ultra-mega-top-imba-module": {
      "version": "1.0.0",
      "resolved": "https://registry.npmjs.org/ultra-mega-top-imba-module/-/ultra-mega-top-imba-module-1.0.0.tgz",
      "integrity": "sha512-EfIHD98iukdpZJF2rO2HfuAYLAsP/7NSfvERDGxuByBdjHRE8lRCLhKqRZX50/Bc9Yjq28yra7CIO/thC5VCPw=="
    }
  },
  "dependencies": {
    "ultra-mega-top-imba-module": {
      "version": "1.0.0",
      "resolved": "https://registry.npmjs.org/ultra-mega-top-imba-module/-/ultra-mega-top-imba-module-1.0.0.tgz",
      "integrity": "sha512-EfIHD98iukdpZJF2rO2HfuAYLAsP/7NSfvERDGxuByBdjHRE8lRCLhKqRZX50/Bc9Yjq28yra7CIO/thC5VCPw=="
    }
  }
}
